// !$*UTF8*$!
{
	archiveVersion = 1;
	classes = {
	};
	objectVersion = 55;
	objects = {

/* Begin PBXBuildFile section */
		5F2E52962829057A00DD55DD /* Constants.swift in Sources */ = {isa = PBXBuildFile; fileRef = 5F2E52952829057A00DD55DD /* Constants.swift */; };
		5F3D05BB28229CF80049D525 /* R.generated.swift in Sources */ = {isa = PBXBuildFile; fileRef = 5F3D05BA28229CF70049D525 /* R.generated.swift */; };
		5F3D05BD28229D730049D525 /* Localizable.strings in Resources */ = {isa = PBXBuildFile; fileRef = 5F3D05BC28229D730049D525 /* Localizable.strings */; };
		5F63E890281FD98500FAD57C /* BaseLabelH1.swift in Sources */ = {isa = PBXBuildFile; fileRef = 5F63E88F281FD98500FAD57C /* BaseLabelH1.swift */; };
		5F63E893281FFA5E00FAD57C /* BaseButton.swift in Sources */ = {isa = PBXBuildFile; fileRef = 5F63E892281FFA5E00FAD57C /* BaseButton.swift */; };
		5F63E8952820216B00FAD57C /* BaseGreyButton.swift in Sources */ = {isa = PBXBuildFile; fileRef = 5F63E8942820216B00FAD57C /* BaseGreyButton.swift */; };
		5F63E897282024A600FAD57C /* BaseLabelH3.swift in Sources */ = {isa = PBXBuildFile; fileRef = 5F63E896282024A600FAD57C /* BaseLabelH3.swift */; };
		5F989D5F282A414D002B76F2 /* Authentication.storyboard in Resources */ = {isa = PBXBuildFile; fileRef = 5F989D5B282A414D002B76F2 /* Authentication.storyboard */; };
		5F989D61282A414D002B76F2 /* LoginViewController.swift in Sources */ = {isa = PBXBuildFile; fileRef = 5F989D5D282A414D002B76F2 /* LoginViewController.swift */; };
		5F989D62282A414D002B76F2 /* RegisterViewController.swift in Sources */ = {isa = PBXBuildFile; fileRef = 5F989D5E282A414D002B76F2 /* RegisterViewController.swift */; };
		5FC9978F2820F2BE00131E7A /* BaseTextFieldRightView.swift in Sources */ = {isa = PBXBuildFile; fileRef = 5FC9978E2820F2BE00131E7A /* BaseTextFieldRightView.swift */; };
		5FC997932821370700131E7A /* BaseLabelH4.swift in Sources */ = {isa = PBXBuildFile; fileRef = 5FC997922821370700131E7A /* BaseLabelH4.swift */; };
		5FDDCBAD2840D8D000A51EE1 /* Profile.storyboard in Resources */ = {isa = PBXBuildFile; fileRef = 5FDDCBAC2840D8D000A51EE1 /* Profile.storyboard */; };
		5FDDCBAF2840D9A900A51EE1 /* ProfileViewController.swift in Sources */ = {isa = PBXBuildFile; fileRef = 5FDDCBAE2840D9A900A51EE1 /* ProfileViewController.swift */; };
		5FDDCBB42840EA9800A51EE1 /* ProfileMenuModel.swift in Sources */ = {isa = PBXBuildFile; fileRef = 5FDDCBB32840EA9800A51EE1 /* ProfileMenuModel.swift */; };
		5FDDCBB62840EC4D00A51EE1 /* MenuTitleTableViewCell.swift in Sources */ = {isa = PBXBuildFile; fileRef = 5FDDCBB52840EC4D00A51EE1 /* MenuTitleTableViewCell.swift */; };
		5FDDCBB82840EFC000A51EE1 /* BaseLabelProfileTitle.swift in Sources */ = {isa = PBXBuildFile; fileRef = 5FDDCBB72840EFC000A51EE1 /* BaseLabelProfileTitle.swift */; };
		5FE39F0B281D130E00346099 /* AppDelegate.swift in Sources */ = {isa = PBXBuildFile; fileRef = 5FE39F0A281D130E00346099 /* AppDelegate.swift */; };
		5FE39F0D281D130E00346099 /* SceneDelegate.swift in Sources */ = {isa = PBXBuildFile; fileRef = 5FE39F0C281D130E00346099 /* SceneDelegate.swift */; };
		5FE39F0F281D130E00346099 /* ViewController.swift in Sources */ = {isa = PBXBuildFile; fileRef = 5FE39F0E281D130E00346099 /* ViewController.swift */; };
		5FE39F12281D130E00346099 /* Main.storyboard in Resources */ = {isa = PBXBuildFile; fileRef = 5FE39F10281D130E00346099 /* Main.storyboard */; };
		5FE39F14281D131400346099 /* Assets.xcassets in Resources */ = {isa = PBXBuildFile; fileRef = 5FE39F13281D131400346099 /* Assets.xcassets */; };
		5FE39F17281D131400346099 /* LaunchScreen.storyboard in Resources */ = {isa = PBXBuildFile; fileRef = 5FE39F15281D131400346099 /* LaunchScreen.storyboard */; };
		5FE39F23281D14CD00346099 /* BaseFilledButton.swift in Sources */ = {isa = PBXBuildFile; fileRef = 5FE39F22281D14CD00346099 /* BaseFilledButton.swift */; };
		5FE39F27281D306400346099 /* BaseTextField.swift in Sources */ = {isa = PBXBuildFile; fileRef = 5FE39F26281D306400346099 /* BaseTextField.swift */; };
		5FE39F3C281D412C00346099 /* Raleway-BoldItalic.ttf in Resources */ = {isa = PBXBuildFile; fileRef = 5FE39F2A281D412B00346099 /* Raleway-BoldItalic.ttf */; };
		5FE39F40281D412C00346099 /* Raleway-Medium.ttf in Resources */ = {isa = PBXBuildFile; fileRef = 5FE39F2E281D412B00346099 /* Raleway-Medium.ttf */; };
		5FE39F41281D412C00346099 /* Raleway-SemiBold.ttf in Resources */ = {isa = PBXBuildFile; fileRef = 5FE39F2F281D412B00346099 /* Raleway-SemiBold.ttf */; };
		5FE39F42281D412C00346099 /* Raleway-ExtraBold.ttf in Resources */ = {isa = PBXBuildFile; fileRef = 5FE39F30281D412B00346099 /* Raleway-ExtraBold.ttf */; };
		5FE39F44281D412C00346099 /* Raleway-Regular.ttf in Resources */ = {isa = PBXBuildFile; fileRef = 5FE39F32281D412B00346099 /* Raleway-Regular.ttf */; };
		D086A42563CB224CC8791C07 /* Pods_Navel_UI.framework in Frameworks */ = {isa = PBXBuildFile; fileRef = 6B572B2B629EEB1E50FE9F30 /* Pods_Navel_UI.framework */; };
/* End PBXBuildFile section */

/* Begin PBXFileReference section */
		2EA290E87F800AF6BCEC2EFC /* Pods-Navel-UI.release.xcconfig */ = {isa = PBXFileReference; includeInIndex = 1; lastKnownFileType = text.xcconfig; name = "Pods-Navel-UI.release.xcconfig"; path = "Target Support Files/Pods-Navel-UI/Pods-Navel-UI.release.xcconfig"; sourceTree = "<group>"; };
		5F2E52942828E3F500DD55DD /* DelaGothicOne-Regular.ttf */ = {isa = PBXFileReference; lastKnownFileType = file; name = "DelaGothicOne-Regular.ttf"; path = "../../../../../../Downloads/DelaGothicOne-Regular.ttf"; sourceTree = "<group>"; };
		5F2E52952829057A00DD55DD /* Constants.swift */ = {isa = PBXFileReference; lastKnownFileType = sourcecode.swift; path = Constants.swift; sourceTree = "<group>"; };
		5F3D05BA28229CF70049D525 /* R.generated.swift */ = {isa = PBXFileReference; fileEncoding = 4; lastKnownFileType = sourcecode.swift; path = R.generated.swift; sourceTree = "<group>"; };
		5F3D05BC28229D730049D525 /* Localizable.strings */ = {isa = PBXFileReference; lastKnownFileType = text.plist.strings; path = Localizable.strings; sourceTree = "<group>"; };
		5F63E88F281FD98500FAD57C /* BaseLabelH1.swift */ = {isa = PBXFileReference; lastKnownFileType = sourcecode.swift; path = BaseLabelH1.swift; sourceTree = "<group>"; };
		5F63E892281FFA5E00FAD57C /* BaseButton.swift */ = {isa = PBXFileReference; lastKnownFileType = sourcecode.swift; path = BaseButton.swift; sourceTree = "<group>"; };
		5F63E8942820216B00FAD57C /* BaseGreyButton.swift */ = {isa = PBXFileReference; lastKnownFileType = sourcecode.swift; path = BaseGreyButton.swift; sourceTree = "<group>"; };
		5F63E896282024A600FAD57C /* BaseLabelH3.swift */ = {isa = PBXFileReference; lastKnownFileType = sourcecode.swift; path = BaseLabelH3.swift; sourceTree = "<group>"; };
		5F989D5B282A414D002B76F2 /* Authentication.storyboard */ = {isa = PBXFileReference; fileEncoding = 4; lastKnownFileType = file.storyboard; path = Authentication.storyboard; sourceTree = "<group>"; };
		5F989D5D282A414D002B76F2 /* LoginViewController.swift */ = {isa = PBXFileReference; fileEncoding = 4; lastKnownFileType = sourcecode.swift; path = LoginViewController.swift; sourceTree = "<group>"; };
		5F989D5E282A414D002B76F2 /* RegisterViewController.swift */ = {isa = PBXFileReference; fileEncoding = 4; lastKnownFileType = sourcecode.swift; path = RegisterViewController.swift; sourceTree = "<group>"; };
		5FC9978E2820F2BE00131E7A /* BaseTextFieldRightView.swift */ = {isa = PBXFileReference; lastKnownFileType = sourcecode.swift; path = BaseTextFieldRightView.swift; sourceTree = "<group>"; };
		5FC997922821370700131E7A /* BaseLabelH4.swift */ = {isa = PBXFileReference; lastKnownFileType = sourcecode.swift; path = BaseLabelH4.swift; sourceTree = "<group>"; };
		5FDDCBAC2840D8D000A51EE1 /* Profile.storyboard */ = {isa = PBXFileReference; lastKnownFileType = file.storyboard; path = Profile.storyboard; sourceTree = "<group>"; };
		5FDDCBAE2840D9A900A51EE1 /* ProfileViewController.swift */ = {isa = PBXFileReference; lastKnownFileType = sourcecode.swift; path = ProfileViewController.swift; sourceTree = "<group>"; };
		5FDDCBB02840E70900A51EE1 /* Info.plist */ = {isa = PBXFileReference; fileEncoding = 4; lastKnownFileType = text.plist.xml; name = Info.plist; path = "Navel-UI/Info.plist"; sourceTree = "<group>"; };
		5FDDCBB32840EA9800A51EE1 /* ProfileMenuModel.swift */ = {isa = PBXFileReference; lastKnownFileType = sourcecode.swift; path = ProfileMenuModel.swift; sourceTree = "<group>"; };
		5FDDCBB52840EC4D00A51EE1 /* MenuTitleTableViewCell.swift */ = {isa = PBXFileReference; lastKnownFileType = sourcecode.swift; path = MenuTitleTableViewCell.swift; sourceTree = "<group>"; };
		5FDDCBB72840EFC000A51EE1 /* BaseLabelProfileTitle.swift */ = {isa = PBXFileReference; lastKnownFileType = sourcecode.swift; path = BaseLabelProfileTitle.swift; sourceTree = "<group>"; };
		5FE39F07281D130E00346099 /* Navel-UI.app */ = {isa = PBXFileReference; explicitFileType = wrapper.application; includeInIndex = 0; path = "Navel-UI.app"; sourceTree = BUILT_PRODUCTS_DIR; };
		5FE39F0A281D130E00346099 /* AppDelegate.swift */ = {isa = PBXFileReference; lastKnownFileType = sourcecode.swift; path = AppDelegate.swift; sourceTree = "<group>"; };
		5FE39F0C281D130E00346099 /* SceneDelegate.swift */ = {isa = PBXFileReference; lastKnownFileType = sourcecode.swift; path = SceneDelegate.swift; sourceTree = "<group>"; };
		5FE39F0E281D130E00346099 /* ViewController.swift */ = {isa = PBXFileReference; lastKnownFileType = sourcecode.swift; path = ViewController.swift; sourceTree = "<group>"; };
		5FE39F11281D130E00346099 /* Base */ = {isa = PBXFileReference; lastKnownFileType = file.storyboard; name = Base; path = Base.lproj/Main.storyboard; sourceTree = "<group>"; };
		5FE39F13281D131400346099 /* Assets.xcassets */ = {isa = PBXFileReference; lastKnownFileType = folder.assetcatalog; path = Assets.xcassets; sourceTree = "<group>"; };
		5FE39F16281D131400346099 /* Base */ = {isa = PBXFileReference; lastKnownFileType = file.storyboard; name = Base; path = Base.lproj/LaunchScreen.storyboard; sourceTree = "<group>"; };
		5FE39F22281D14CD00346099 /* BaseFilledButton.swift */ = {isa = PBXFileReference; lastKnownFileType = sourcecode.swift; path = BaseFilledButton.swift; sourceTree = "<group>"; };
		5FE39F26281D306400346099 /* BaseTextField.swift */ = {isa = PBXFileReference; lastKnownFileType = sourcecode.swift; path = BaseTextField.swift; sourceTree = "<group>"; };
		5FE39F2A281D412B00346099 /* Raleway-BoldItalic.ttf */ = {isa = PBXFileReference; lastKnownFileType = file; path = "Raleway-BoldItalic.ttf"; sourceTree = "<group>"; };
		5FE39F2E281D412B00346099 /* Raleway-Medium.ttf */ = {isa = PBXFileReference; lastKnownFileType = file; path = "Raleway-Medium.ttf"; sourceTree = "<group>"; };
		5FE39F2F281D412B00346099 /* Raleway-SemiBold.ttf */ = {isa = PBXFileReference; lastKnownFileType = file; path = "Raleway-SemiBold.ttf"; sourceTree = "<group>"; };
		5FE39F30281D412B00346099 /* Raleway-ExtraBold.ttf */ = {isa = PBXFileReference; lastKnownFileType = file; path = "Raleway-ExtraBold.ttf"; sourceTree = "<group>"; };
		5FE39F32281D412B00346099 /* Raleway-Regular.ttf */ = {isa = PBXFileReference; lastKnownFileType = file; path = "Raleway-Regular.ttf"; sourceTree = "<group>"; };
		6B572B2B629EEB1E50FE9F30 /* Pods_Navel_UI.framework */ = {isa = PBXFileReference; explicitFileType = wrapper.framework; includeInIndex = 0; path = Pods_Navel_UI.framework; sourceTree = BUILT_PRODUCTS_DIR; };
		C57894CC45F061B44C7FE9DF /* Pods-Navel-UI.debug.xcconfig */ = {isa = PBXFileReference; includeInIndex = 1; lastKnownFileType = text.xcconfig; name = "Pods-Navel-UI.debug.xcconfig"; path = "Target Support Files/Pods-Navel-UI/Pods-Navel-UI.debug.xcconfig"; sourceTree = "<group>"; };
/* End PBXFileReference section */

/* Begin PBXFrameworksBuildPhase section */
		5FE39F04281D130E00346099 /* Frameworks */ = {
			isa = PBXFrameworksBuildPhase;
			buildActionMask = 2147483647;
			files = (
				D086A42563CB224CC8791C07 /* Pods_Navel_UI.framework in Frameworks */,
			);
			runOnlyForDeploymentPostprocessing = 0;
		};
/* End PBXFrameworksBuildPhase section */

/* Begin PBXGroup section */
		2A8BB2BCAC1C3A75DC18C7EB /* Pods */ = {
			isa = PBXGroup;
			children = (
				C57894CC45F061B44C7FE9DF /* Pods-Navel-UI.debug.xcconfig */,
				2EA290E87F800AF6BCEC2EFC /* Pods-Navel-UI.release.xcconfig */,
			);
			path = Pods;
			sourceTree = "<group>";
		};
		5F989D5A282A414D002B76F2 /* Login */ = {
			isa = PBXGroup;
			children = (
				5F989D5B282A414D002B76F2 /* Authentication.storyboard */,
				5F989D5D282A414D002B76F2 /* LoginViewController.swift */,
				5F989D5E282A414D002B76F2 /* RegisterViewController.swift */,
			);
			name = Login;
			path = "Navel-UI/Login";
			sourceTree = "<group>";
		};
		5FDDCBAB2840D87D00A51EE1 /* Profile */ = {
			isa = PBXGroup;
			children = (
				5FDDCBAC2840D8D000A51EE1 /* Profile.storyboard */,
				5FDDCBAE2840D9A900A51EE1 /* ProfileViewController.swift */,
				5FDDCBB32840EA9800A51EE1 /* ProfileMenuModel.swift */,
				5FDDCBB52840EC4D00A51EE1 /* MenuTitleTableViewCell.swift */,
			);
			path = Profile;
			sourceTree = "<group>";
		};
		5FE39EFE281D130E00346099 = {
			isa = PBXGroup;
			children = (
				5FDDCBB02840E70900A51EE1 /* Info.plist */,
				5FDDCBAB2840D87D00A51EE1 /* Profile */,
				5F989D5A282A414D002B76F2 /* Login */,
				5F3D05BC28229D730049D525 /* Localizable.strings */,
				5F3D05BA28229CF70049D525 /* R.generated.swift */,
				5FE39F09281D130E00346099 /* Navel-UI */,
				5FE39F08281D130E00346099 /* Products */,
				2A8BB2BCAC1C3A75DC18C7EB /* Pods */,
				B947F73B901E07BCCED810F1 /* Frameworks */,
			);
			sourceTree = "<group>";
		};
		5FE39F08281D130E00346099 /* Products */ = {
			isa = PBXGroup;
			children = (
				5FE39F07281D130E00346099 /* Navel-UI.app */,
			);
			name = Products;
			sourceTree = "<group>";
		};
		5FE39F09281D130E00346099 /* Navel-UI */ = {
			isa = PBXGroup;
			children = (
				5FE39F28281D410100346099 /* Fonts */,
				5FE39F21281D141000346099 /* CustomClasses */,
				5FE39F0A281D130E00346099 /* AppDelegate.swift */,
				5FE39F0C281D130E00346099 /* SceneDelegate.swift */,
				5FE39F0E281D130E00346099 /* ViewController.swift */,
				5FE39F10281D130E00346099 /* Main.storyboard */,
				5FE39F13281D131400346099 /* Assets.xcassets */,
				5FE39F15281D131400346099 /* LaunchScreen.storyboard */,
				5F2E52952829057A00DD55DD /* Constants.swift */,
			);
			path = "Navel-UI";
			sourceTree = "<group>";
		};
		5FE39F21281D141000346099 /* CustomClasses */ = {
			isa = PBXGroup;
			children = (
				5FE39F26281D306400346099 /* BaseTextField.swift */,
				5FE39F22281D14CD00346099 /* BaseFilledButton.swift */,
				5F63E88F281FD98500FAD57C /* BaseLabelH1.swift */,
				5F63E892281FFA5E00FAD57C /* BaseButton.swift */,
				5F63E8942820216B00FAD57C /* BaseGreyButton.swift */,
				5F63E896282024A600FAD57C /* BaseLabelH3.swift */,
				5FC9978E2820F2BE00131E7A /* BaseTextFieldRightView.swift */,
				5FC997922821370700131E7A /* BaseLabelH4.swift */,
				5FDDCBB72840EFC000A51EE1 /* BaseLabelProfileTitle.swift */,
			);
			path = CustomClasses;
			sourceTree = "<group>";
		};
		5FE39F28281D410100346099 /* Fonts */ = {
			isa = PBXGroup;
			children = (
				5F2E52942828E3F500DD55DD /* DelaGothicOne-Regular.ttf */,
				5FE39F2A281D412B00346099 /* Raleway-BoldItalic.ttf */,
				5FE39F2E281D412B00346099 /* Raleway-Medium.ttf */,
				5FE39F2F281D412B00346099 /* Raleway-SemiBold.ttf */,
				5FE39F30281D412B00346099 /* Raleway-ExtraBold.ttf */,
				5FE39F32281D412B00346099 /* Raleway-Regular.ttf */,
			);
			path = Fonts;
			sourceTree = "<group>";
		};
		B947F73B901E07BCCED810F1 /* Frameworks */ = {
			isa = PBXGroup;
			children = (
				6B572B2B629EEB1E50FE9F30 /* Pods_Navel_UI.framework */,
			);
			name = Frameworks;
			sourceTree = "<group>";
		};
/* End PBXGroup section */

/* Begin PBXNativeTarget section */
		5FE39F06281D130E00346099 /* Navel-UI */ = {
			isa = PBXNativeTarget;
			buildConfigurationList = 5FE39F1B281D131400346099 /* Build configuration list for PBXNativeTarget "Navel-UI" */;
			buildPhases = (
				4EDE2B81FE8D15DE15D43442 /* [CP] Check Pods Manifest.lock */,
				5F3D05B928229BE40049D525 /* ShellScript */,
				5FE39F03281D130E00346099 /* Sources */,
				5FE39F04281D130E00346099 /* Frameworks */,
				5FE39F05281D130E00346099 /* Resources */,
				834DDEE75FB4A05C2FDFEEF9 /* [CP] Embed Pods Frameworks */,
			);
			buildRules = (
			);
			dependencies = (
			);
			name = "Navel-UI";
			productName = "Navel-UI";
			productReference = 5FE39F07281D130E00346099 /* Navel-UI.app */;
			productType = "com.apple.product-type.application";
		};
/* End PBXNativeTarget section */

/* Begin PBXProject section */
		5FE39EFF281D130E00346099 /* Project object */ = {
			isa = PBXProject;
			attributes = {
				BuildIndependentTargetsInParallel = 1;
				LastSwiftUpdateCheck = 1310;
				LastUpgradeCheck = 1310;
				TargetAttributes = {
					5FE39F06281D130E00346099 = {
						CreatedOnToolsVersion = 13.1;
					};
				};
			};
			buildConfigurationList = 5FE39F02281D130E00346099 /* Build configuration list for PBXProject "Navel-UI" */;
			compatibilityVersion = "Xcode 13.0";
			developmentRegion = en;
			hasScannedForEncodings = 0;
			knownRegions = (
				en,
				Base,
			);
			mainGroup = 5FE39EFE281D130E00346099;
			productRefGroup = 5FE39F08281D130E00346099 /* Products */;
			projectDirPath = "";
			projectRoot = "";
			targets = (
				5FE39F06281D130E00346099 /* Navel-UI */,
			);
		};
/* End PBXProject section */

/* Begin PBXResourcesBuildPhase section */
		5FE39F05281D130E00346099 /* Resources */ = {
			isa = PBXResourcesBuildPhase;
			buildActionMask = 2147483647;
			files = (
				5FE39F17281D131400346099 /* LaunchScreen.storyboard in Resources */,
				5FDDCBAD2840D8D000A51EE1 /* Profile.storyboard in Resources */,
				5FE39F3C281D412C00346099 /* Raleway-BoldItalic.ttf in Resources */,
				5FE39F40281D412C00346099 /* Raleway-Medium.ttf in Resources */,
				5FE39F14281D131400346099 /* Assets.xcassets in Resources */,
				5F989D5F282A414D002B76F2 /* Authentication.storyboard in Resources */,
				5F3D05BD28229D730049D525 /* Localizable.strings in Resources */,
				5FE39F12281D130E00346099 /* Main.storyboard in Resources */,
				5FE39F44281D412C00346099 /* Raleway-Regular.ttf in Resources */,
				5FE39F41281D412C00346099 /* Raleway-SemiBold.ttf in Resources */,
				5FE39F42281D412C00346099 /* Raleway-ExtraBold.ttf in Resources */,
			);
			runOnlyForDeploymentPostprocessing = 0;
		};
/* End PBXResourcesBuildPhase section */

/* Begin PBXShellScriptBuildPhase section */
		4EDE2B81FE8D15DE15D43442 /* [CP] Check Pods Manifest.lock */ = {
			isa = PBXShellScriptBuildPhase;
			buildActionMask = 2147483647;
			files = (
			);
			inputFileListPaths = (
			);
			inputPaths = (
				"${PODS_PODFILE_DIR_PATH}/Podfile.lock",
				"${PODS_ROOT}/Manifest.lock",
			);
			name = "[CP] Check Pods Manifest.lock";
			outputFileListPaths = (
			);
			outputPaths = (
				"$(DERIVED_FILE_DIR)/Pods-Navel-UI-checkManifestLockResult.txt",
			);
			runOnlyForDeploymentPostprocessing = 0;
			shellPath = /bin/sh;
			shellScript = "diff \"${PODS_PODFILE_DIR_PATH}/Podfile.lock\" \"${PODS_ROOT}/Manifest.lock\" > /dev/null\nif [ $? != 0 ] ; then\n    # print error to STDERR\n    echo \"error: The sandbox is not in sync with the Podfile.lock. Run 'pod install' or update your CocoaPods installation.\" >&2\n    exit 1\nfi\n# This output is used by Xcode 'outputs' to avoid re-running this script phase.\necho \"SUCCESS\" > \"${SCRIPT_OUTPUT_FILE_0}\"\n";
			showEnvVarsInLog = 0;
		};
		5F3D05B928229BE40049D525 /* ShellScript */ = {
			isa = PBXShellScriptBuildPhase;
			buildActionMask = 2147483647;
			files = (
			);
			inputFileListPaths = (
			);
			inputPaths = (
				"$TEMP_DIR/rswift-lastrun",
			);
			outputFileListPaths = (
			);
			outputPaths = (
				$SRCROOT/R.generated.swift,
			);
			runOnlyForDeploymentPostprocessing = 0;
			shellPath = /bin/sh;
			shellScript = "# Type a script or drag a script file from your workspace to insert its path.\n\"$PODS_ROOT/R.swift/rswift\" generate \"$SRCROOT/R.generated.swift\"\n";
		};
		834DDEE75FB4A05C2FDFEEF9 /* [CP] Embed Pods Frameworks */ = {
			isa = PBXShellScriptBuildPhase;
			buildActionMask = 2147483647;
			files = (
			);
			inputFileListPaths = (
				"${PODS_ROOT}/Target Support Files/Pods-Navel-UI/Pods-Navel-UI-frameworks-${CONFIGURATION}-input-files.xcfilelist",
			);
			name = "[CP] Embed Pods Frameworks";
			outputFileListPaths = (
				"${PODS_ROOT}/Target Support Files/Pods-Navel-UI/Pods-Navel-UI-frameworks-${CONFIGURATION}-output-files.xcfilelist",
			);
			runOnlyForDeploymentPostprocessing = 0;
			shellPath = /bin/sh;
			shellScript = "\"${PODS_ROOT}/Target Support Files/Pods-Navel-UI/Pods-Navel-UI-frameworks.sh\"\n";
			showEnvVarsInLog = 0;
		};
/* End PBXShellScriptBuildPhase section */

/* Begin PBXSourcesBuildPhase section */
		5FE39F03281D130E00346099 /* Sources */ = {
			isa = PBXSourcesBuildPhase;
			buildActionMask = 2147483647;
			files = (
				5F989D61282A414D002B76F2 /* LoginViewController.swift in Sources */,
				5F63E890281FD98500FAD57C /* BaseLabelH1.swift in Sources */,
				5F3D05BB28229CF80049D525 /* R.generated.swift in Sources */,
				5FDDCBB82840EFC000A51EE1 /* BaseLabelProfileTitle.swift in Sources */,
				5F63E897282024A600FAD57C /* BaseLabelH3.swift in Sources */,
				5FE39F0F281D130E00346099 /* ViewController.swift in Sources */,
				5FDDCBB62840EC4D00A51EE1 /* MenuTitleTableViewCell.swift in Sources */,
				5FE39F0B281D130E00346099 /* AppDelegate.swift in Sources */,
				5FDDCBAF2840D9A900A51EE1 /* ProfileViewController.swift in Sources */,
				5FDDCBB42840EA9800A51EE1 /* ProfileMenuModel.swift in Sources */,
				5F989D62282A414D002B76F2 /* RegisterViewController.swift in Sources */,
				5F2E52962829057A00DD55DD /* Constants.swift in Sources */,
				5FE39F23281D14CD00346099 /* BaseFilledButton.swift in Sources */,
				5FC997932821370700131E7A /* BaseLabelH4.swift in Sources */,
				5F63E893281FFA5E00FAD57C /* BaseButton.swift in Sources */,
				5FC9978F2820F2BE00131E7A /* BaseTextFieldRightView.swift in Sources */,
				5FE39F0D281D130E00346099 /* SceneDelegate.swift in Sources */,
				5FE39F27281D306400346099 /* BaseTextField.swift in Sources */,
				5F63E8952820216B00FAD57C /* BaseGreyButton.swift in Sources */,
			);
			runOnlyForDeploymentPostprocessing = 0;
		};
/* End PBXSourcesBuildPhase section */

/* Begin PBXVariantGroup section */
		5FE39F10281D130E00346099 /* Main.storyboard */ = {
			isa = PBXVariantGroup;
			children = (
				5FE39F11281D130E00346099 /* Base */,
			);
			name = Main.storyboard;
			sourceTree = "<group>";
		};
		5FE39F15281D131400346099 /* LaunchScreen.storyboard */ = {
			isa = PBXVariantGroup;
			children = (
				5FE39F16281D131400346099 /* Base */,
			);
			name = LaunchScreen.storyboard;
			sourceTree = "<group>";
		};
/* End PBXVariantGroup section */

/* Begin XCBuildConfiguration section */
		5FE39F19281D131400346099 /* Debug */ = {
			isa = XCBuildConfiguration;
			buildSettings = {
				ALWAYS_SEARCH_USER_PATHS = NO;
				CLANG_ANALYZER_NONNULL = YES;
				CLANG_ANALYZER_NUMBER_OBJECT_CONVERSION = YES_AGGRESSIVE;
				CLANG_CXX_LANGUAGE_STANDARD = "gnu++17";
				CLANG_CXX_LIBRARY = "libc++";
				CLANG_ENABLE_MODULES = YES;
				CLANG_ENABLE_OBJC_ARC = YES;
				CLANG_ENABLE_OBJC_WEAK = YES;
				CLANG_WARN_BLOCK_CAPTURE_AUTORELEASING = YES;
				CLANG_WARN_BOOL_CONVERSION = YES;
				CLANG_WARN_COMMA = YES;
				CLANG_WARN_CONSTANT_CONVERSION = YES;
				CLANG_WARN_DEPRECATED_OBJC_IMPLEMENTATIONS = YES;
				CLANG_WARN_DIRECT_OBJC_ISA_USAGE = YES_ERROR;
				CLANG_WARN_DOCUMENTATION_COMMENTS = YES;
				CLANG_WARN_EMPTY_BODY = YES;
				CLANG_WARN_ENUM_CONVERSION = YES;
				CLANG_WARN_INFINITE_RECURSION = YES;
				CLANG_WARN_INT_CONVERSION = YES;
				CLANG_WARN_NON_LITERAL_NULL_CONVERSION = YES;
				CLANG_WARN_OBJC_IMPLICIT_RETAIN_SELF = YES;
				CLANG_WARN_OBJC_LITERAL_CONVERSION = YES;
				CLANG_WARN_OBJC_ROOT_CLASS = YES_ERROR;
				CLANG_WARN_QUOTED_INCLUDE_IN_FRAMEWORK_HEADER = YES;
				CLANG_WARN_RANGE_LOOP_ANALYSIS = YES;
				CLANG_WARN_STRICT_PROTOTYPES = YES;
				CLANG_WARN_SUSPICIOUS_MOVE = YES;
				CLANG_WARN_UNGUARDED_AVAILABILITY = YES_AGGRESSIVE;
				CLANG_WARN_UNREACHABLE_CODE = YES;
				CLANG_WARN__DUPLICATE_METHOD_MATCH = YES;
				COPY_PHASE_STRIP = NO;
				DEBUG_INFORMATION_FORMAT = dwarf;
				ENABLE_STRICT_OBJC_MSGSEND = YES;
				ENABLE_TESTABILITY = YES;
				GCC_C_LANGUAGE_STANDARD = gnu11;
				GCC_DYNAMIC_NO_PIC = NO;
				GCC_NO_COMMON_BLOCKS = YES;
				GCC_OPTIMIZATION_LEVEL = 0;
				GCC_PREPROCESSOR_DEFINITIONS = (
					"DEBUG=1",
					"$(inherited)",
				);
				GCC_WARN_64_TO_32_BIT_CONVERSION = YES;
				GCC_WARN_ABOUT_RETURN_TYPE = YES_ERROR;
				GCC_WARN_UNDECLARED_SELECTOR = YES;
				GCC_WARN_UNINITIALIZED_AUTOS = YES_AGGRESSIVE;
				GCC_WARN_UNUSED_FUNCTION = YES;
				GCC_WARN_UNUSED_VARIABLE = YES;
				IPHONEOS_DEPLOYMENT_TARGET = 15.0;
				MTL_ENABLE_DEBUG_INFO = INCLUDE_SOURCE;
				MTL_FAST_MATH = YES;
				ONLY_ACTIVE_ARCH = YES;
				SDKROOT = iphoneos;
				SWIFT_ACTIVE_COMPILATION_CONDITIONS = DEBUG;
				SWIFT_OPTIMIZATION_LEVEL = "-Onone";
			};
			name = Debug;
		};
		5FE39F1A281D131400346099 /* Release */ = {
			isa = XCBuildConfiguration;
			buildSettings = {
				ALWAYS_SEARCH_USER_PATHS = NO;
				CLANG_ANALYZER_NONNULL = YES;
				CLANG_ANALYZER_NUMBER_OBJECT_CONVERSION = YES_AGGRESSIVE;
				CLANG_CXX_LANGUAGE_STANDARD = "gnu++17";
				CLANG_CXX_LIBRARY = "libc++";
				CLANG_ENABLE_MODULES = YES;
				CLANG_ENABLE_OBJC_ARC = YES;
				CLANG_ENABLE_OBJC_WEAK = YES;
				CLANG_WARN_BLOCK_CAPTURE_AUTORELEASING = YES;
				CLANG_WARN_BOOL_CONVERSION = YES;
				CLANG_WARN_COMMA = YES;
				CLANG_WARN_CONSTANT_CONVERSION = YES;
				CLANG_WARN_DEPRECATED_OBJC_IMPLEMENTATIONS = YES;
				CLANG_WARN_DIRECT_OBJC_ISA_USAGE = YES_ERROR;
				CLANG_WARN_DOCUMENTATION_COMMENTS = YES;
				CLANG_WARN_EMPTY_BODY = YES;
				CLANG_WARN_ENUM_CONVERSION = YES;
				CLANG_WARN_INFINITE_RECURSION = YES;
				CLANG_WARN_INT_CONVERSION = YES;
				CLANG_WARN_NON_LITERAL_NULL_CONVERSION = YES;
				CLANG_WARN_OBJC_IMPLICIT_RETAIN_SELF = YES;
				CLANG_WARN_OBJC_LITERAL_CONVERSION = YES;
				CLANG_WARN_OBJC_ROOT_CLASS = YES_ERROR;
				CLANG_WARN_QUOTED_INCLUDE_IN_FRAMEWORK_HEADER = YES;
				CLANG_WARN_RANGE_LOOP_ANALYSIS = YES;
				CLANG_WARN_STRICT_PROTOTYPES = YES;
				CLANG_WARN_SUSPICIOUS_MOVE = YES;
				CLANG_WARN_UNGUARDED_AVAILABILITY = YES_AGGRESSIVE;
				CLANG_WARN_UNREACHABLE_CODE = YES;
				CLANG_WARN__DUPLICATE_METHOD_MATCH = YES;
				COPY_PHASE_STRIP = NO;
				DEBUG_INFORMATION_FORMAT = "dwarf-with-dsym";
				ENABLE_NS_ASSERTIONS = NO;
				ENABLE_STRICT_OBJC_MSGSEND = YES;
				GCC_C_LANGUAGE_STANDARD = gnu11;
				GCC_NO_COMMON_BLOCKS = YES;
				GCC_WARN_64_TO_32_BIT_CONVERSION = YES;
				GCC_WARN_ABOUT_RETURN_TYPE = YES_ERROR;
				GCC_WARN_UNDECLARED_SELECTOR = YES;
				GCC_WARN_UNINITIALIZED_AUTOS = YES_AGGRESSIVE;
				GCC_WARN_UNUSED_FUNCTION = YES;
				GCC_WARN_UNUSED_VARIABLE = YES;
				IPHONEOS_DEPLOYMENT_TARGET = 15.0;
				MTL_ENABLE_DEBUG_INFO = NO;
				MTL_FAST_MATH = YES;
				SDKROOT = iphoneos;
				SWIFT_COMPILATION_MODE = wholemodule;
				SWIFT_OPTIMIZATION_LEVEL = "-O";
				VALIDATE_PRODUCT = YES;
			};
			name = Release;
		};
		5FE39F1C281D131400346099 /* Debug */ = {
			isa = XCBuildConfiguration;
			baseConfigurationReference = C57894CC45F061B44C7FE9DF /* Pods-Navel-UI.debug.xcconfig */;
			buildSettings = {
				ASSETCATALOG_COMPILER_APPICON_NAME = AppIcon;
				ASSETCATALOG_COMPILER_GLOBAL_ACCENT_COLOR_NAME = AccentColor;
				CODE_SIGN_STYLE = Automatic;
				CURRENT_PROJECT_VERSION = 1;
				GENERATE_INFOPLIST_FILE = YES;
				INFOPLIST_FILE = "Navel-UI/Info.plist";
				INFOPLIST_KEY_UIApplicationSupportsIndirectInputEvents = YES;
				INFOPLIST_KEY_UILaunchStoryboardName = LaunchScreen;
				INFOPLIST_KEY_UIMainStoryboardFile = Profile;
				INFOPLIST_KEY_UISupportedInterfaceOrientations_iPad = "UIInterfaceOrientationPortrait UIInterfaceOrientationPortraitUpsideDown UIInterfaceOrientationLandscapeLeft UIInterfaceOrientationLandscapeRight";
				INFOPLIST_KEY_UISupportedInterfaceOrientations_iPhone = "UIInterfaceOrientationPortrait UIInterfaceOrientationLandscapeLeft UIInterfaceOrientationLandscapeRight";
				LD_RUNPATH_SEARCH_PATHS = (
					"$(inherited)",
					"@executable_path/Frameworks",
				);
				MARKETING_VERSION = 1.0;
				PRODUCT_BUNDLE_IDENTIFIER = "com.simform.Navel-UI";
				PRODUCT_NAME = "$(TARGET_NAME)";
				SWIFT_EMIT_LOC_STRINGS = YES;
				SWIFT_VERSION = 5.0;
				TARGETED_DEVICE_FAMILY = "1,2";
			};
			name = Debug;
		};
		5FE39F1D281D131400346099 /* Release */ = {
			isa = XCBuildConfiguration;
			baseConfigurationReference = 2EA290E87F800AF6BCEC2EFC /* Pods-Navel-UI.release.xcconfig */;
			buildSettings = {
				ASSETCATALOG_COMPILER_APPICON_NAME = AppIcon;
				ASSETCATALOG_COMPILER_GLOBAL_ACCENT_COLOR_NAME = AccentColor;
				CODE_SIGN_STYLE = Automatic;
				CURRENT_PROJECT_VERSION = 1;
				GENERATE_INFOPLIST_FILE = YES;
				INFOPLIST_FILE = "Navel-UI/Info.plist";
				INFOPLIST_KEY_UIApplicationSupportsIndirectInputEvents = YES;
				INFOPLIST_KEY_UILaunchStoryboardName = LaunchScreen;
				INFOPLIST_KEY_UIMainStoryboardFile = Profile;
				INFOPLIST_KEY_UISupportedInterfaceOrientations_iPad = "UIInterfaceOrientationPortrait UIInterfaceOrientationPortraitUpsideDown UIInterfaceOrientationLandscapeLeft UIInterfaceOrientationLandscapeRight";
				INFOPLIST_KEY_UISupportedInterfaceOrientations_iPhone = "UIInterfaceOrientationPortrait UIInterfaceOrientationLandscapeLeft UIInterfaceOrientationLandscapeRight";
				LD_RUNPATH_SEARCH_PATHS = (
					"$(inherited)",
					"@executable_path/Frameworks",
				);
				MARKETING_VERSION = 1.0;
				PRODUCT_BUNDLE_IDENTIFIER = "com.simform.Navel-UI";
				PRODUCT_NAME = "$(TARGET_NAME)";
				SWIFT_EMIT_LOC_STRINGS = YES;
				SWIFT_VERSION = 5.0;
				TARGETED_DEVICE_FAMILY = "1,2";
			};
			name = Release;
		};
/* End XCBuildConfiguration section */

/* Begin XCConfigurationList section */
		5FE39F02281D130E00346099 /* Build configuration list for PBXProject "Navel-UI" */ = {
			isa = XCConfigurationList;
			buildConfigurations = (
				5FE39F19281D131400346099 /* Debug */,
				5FE39F1A281D131400346099 /* Release */,
			);
			defaultConfigurationIsVisible = 0;
			defaultConfigurationName = Release;
		};
		5FE39F1B281D131400346099 /* Build configuration list for PBXNativeTarget "Navel-UI" */ = {
			isa = XCConfigurationList;
			buildConfigurations = (
				5FE39F1C281D131400346099 /* Debug */,
				5FE39F1D281D131400346099 /* Release */,
			);
			defaultConfigurationIsVisible = 0;
			defaultConfigurationName = Release;
		};
/* End XCConfigurationList section */
	};
	rootObject = 5FE39EFF281D130E00346099 /* Project object */;
}
